
Microsoft Visual Studio Solution File, Format Version 12.00
# Visual Studio Version 17
VisualStudioVersion = 17.5.33103.201
MinimumVisualStudioVersion = 10.0.40219.1
Project("{FAE04EC0-301F-11D3-BF4B-00C04F79EFBC}") = "Day1_1", "Day1_1\Day1_1.csproj", "{1FDFC926-0EA9-422F-A9A5-6287D5CF8581}"
EndProject
Project("{2150E333-8FDC-42A3-9474-1A3956D46DE8}") = "Day1", "Day1", "{7F3D33B6-493D-4FDD-BD3B-2A0DFB89E777}"
EndProject
Project("{FAE04EC0-301F-11D3-BF4B-00C04F79EFBC}") = "Day1_2", "Day1_2\Day1_2\Day1_2.csproj", "{BB08F6A0-996F-4991-B4B8-F30A629DC4CC}"
EndProject
Project("{2150E333-8FDC-42A3-9474-1A3956D46DE8}") = "Day2", "Day2", "{08869EFD-7F1A-4C51-9C63-E06B089560DC}"
EndProject
Project("{FAE04EC0-301F-11D3-BF4B-00C04F79EFBC}") = "Day2_1", "Day2_1\Day2_1.csproj", "{807DB430-BC60-433B-ADAE-E9C24809F3C3}"
EndProject
Project("{FAE04EC0-301F-11D3-BF4B-00C04F79EFBC}") = "Day2_2", "Day2_2\Day2_2.csproj", "{B4429329-05B6-4F99-AA56-F0C45C652506}"
EndProject
Project("{2150E333-8FDC-42A3-9474-1A3956D46DE8}") = "Day3", "Day3", "{4817F30D-3571-4BD8-85AC-AE7C8D6D30A2}"
EndProject
Project("{FAE04EC0-301F-11D3-BF4B-00C04F79EFBC}") = "Day3_1", "Day3_1\Day3_1.csproj", "{63FB05F6-177D-47E1-B823-E815E140DB4C}"
EndProject
Project("{FAE04EC0-301F-11D3-BF4B-00C04F79EFBC}") = "Day3_2", "Day3_2\Day3_2.csproj", "{BB6D7586-A37D-4285-A504-C75AA9A55537}"
EndProject
Global
	GlobalSection(SolutionConfigurationPlatforms) = preSolution
		Debug|Any CPU = Debug|Any CPU
		Release|Any CPU = Release|Any CPU
	EndGlobalSection
	GlobalSection(ProjectConfigurationPlatforms) = postSolution
		{1FDFC926-0EA9-422F-A9A5-6287D5CF8581}.Debug|Any CPU.ActiveCfg = Debug|Any CPU
		{1FDFC926-0EA9-422F-A9A5-6287D5CF8581}.Debug|Any CPU.Build.0 = Debug|Any CPU
		{1FDFC926-0EA9-422F-A9A5-6287D5CF8581}.Release|Any CPU.ActiveCfg = Release|Any CPU
		{1FDFC926-0EA9-422F-A9A5-6287D5CF8581}.Release|Any CPU.Build.0 = Release|Any CPU
		{BB08F6A0-996F-4991-B4B8-F30A629DC4CC}.Debug|Any CPU.ActiveCfg = Debug|Any CPU
		{BB08F6A0-996F-4991-B4B8-F30A629DC4CC}.Debug|Any CPU.Build.0 = Debug|Any CPU
		{BB08F6A0-996F-4991-B4B8-F30A629DC4CC}.Release|Any CPU.ActiveCfg = Release|Any CPU
		{BB08F6A0-996F-4991-B4B8-F30A629DC4CC}.Release|Any CPU.Build.0 = Release|Any CPU
		{807DB430-BC60-433B-ADAE-E9C24809F3C3}.Debug|Any CPU.ActiveCfg = Debug|Any CPU
		{807DB430-BC60-433B-ADAE-E9C24809F3C3}.Debug|Any CPU.Build.0 = Debug|Any CPU
		{807DB430-BC60-433B-ADAE-E9C24809F3C3}.Release|Any CPU.ActiveCfg = Release|Any CPU
		{807DB430-BC60-433B-ADAE-E9C24809F3C3}.Release|Any CPU.Build.0 = Release|Any CPU
		{B4429329-05B6-4F99-AA56-F0C45C652506}.Debug|Any CPU.ActiveCfg = Debug|Any CPU
		{B4429329-05B6-4F99-AA56-F0C45C652506}.Debug|Any CPU.Build.0 = Debug|Any CPU
		{B4429329-05B6-4F99-AA56-F0C45C652506}.Release|Any CPU.ActiveCfg = Release|Any CPU
		{B4429329-05B6-4F99-AA56-F0C45C652506}.Release|Any CPU.Build.0 = Release|Any CPU
		{63FB05F6-177D-47E1-B823-E815E140DB4C}.Debug|Any CPU.ActiveCfg = Debug|Any CPU
		{63FB05F6-177D-47E1-B823-E815E140DB4C}.Debug|Any CPU.Build.0 = Debug|Any CPU
		{63FB05F6-177D-47E1-B823-E815E140DB4C}.Release|Any CPU.ActiveCfg = Release|Any CPU
		{63FB05F6-177D-47E1-B823-E815E140DB4C}.Release|Any CPU.Build.0 = Release|Any CPU
		{BB6D7586-A37D-4285-A504-C75AA9A55537}.Debug|Any CPU.ActiveCfg = Debug|Any CPU
		{BB6D7586-A37D-4285-A504-C75AA9A55537}.Debug|Any CPU.Build.0 = Debug|Any CPU
		{BB6D7586-A37D-4285-A504-C75AA9A55537}.Release|Any CPU.ActiveCfg = Release|Any CPU
		{BB6D7586-A37D-4285-A504-C75AA9A55537}.Release|Any CPU.Build.0 = Release|Any CPU
	EndGlobalSection
	GlobalSection(SolutionProperties) = preSolution
		HideSolutionNode = FALSE
	EndGlobalSection
	GlobalSection(NestedProjects) = preSolution
		{1FDFC926-0EA9-422F-A9A5-6287D5CF8581} = {7F3D33B6-493D-4FDD-BD3B-2A0DFB89E777}
		{BB08F6A0-996F-4991-B4B8-F30A629DC4CC} = {7F3D33B6-493D-4FDD-BD3B-2A0DFB89E777}
		{807DB430-BC60-433B-ADAE-E9C24809F3C3} = {08869EFD-7F1A-4C51-9C63-E06B089560DC}
		{B4429329-05B6-4F99-AA56-F0C45C652506} = {08869EFD-7F1A-4C51-9C63-E06B089560DC}
		{63FB05F6-177D-47E1-B823-E815E140DB4C} = {4817F30D-3571-4BD8-85AC-AE7C8D6D30A2}
		{BB6D7586-A37D-4285-A504-C75AA9A55537} = {4817F30D-3571-4BD8-85AC-AE7C8D6D30A2}
	EndGlobalSection
	GlobalSection(ExtensibilityGlobals) = postSolution
		SolutionGuid = {2298D6D7-4A99-4D14-90C6-7D31757D6D6E}
	EndGlobalSection
EndGlobal
