
Microsoft Visual Studio Solution File, Format Version 12.00
# Visual Studio Version 17
VisualStudioVersion = 17.5.33103.201
MinimumVisualStudioVersion = 10.0.40219.1
Project("{9A19103F-16F7-4668-BE54-9A1E7A4F7556}") = "Day1_1", "Day1_1\Day1_1.csproj", "{1FDFC926-0EA9-422F-A9A5-6287D5CF8581}"
EndProject
Project("{2150E333-8FDC-42A3-9474-1A3956D46DE8}") = "Day1", "Day1", "{7F3D33B6-493D-4FDD-BD3B-2A0DFB89E777}"
EndProject
Project("{9A19103F-16F7-4668-BE54-9A1E7A4F7556}") = "Day1_2", "Day1_2\Day1_2\Day1_2.csproj", "{BB08F6A0-996F-4991-B4B8-F30A629DC4CC}"
EndProject
Project("{2150E333-8FDC-42A3-9474-1A3956D46DE8}") = "Day2", "Day2", "{08869EFD-7F1A-4C51-9C63-E06B089560DC}"
EndProject
Project("{9A19103F-16F7-4668-BE54-9A1E7A4F7556}") = "Day2_1", "Day2_1\Day2_1.csproj", "{807DB430-BC60-433B-ADAE-E9C24809F3C3}"
EndProject
Project("{9A19103F-16F7-4668-BE54-9A1E7A4F7556}") = "Day2_2", "Day2_2\Day2_2.csproj", "{B4429329-05B6-4F99-AA56-F0C45C652506}"
EndProject
Project("{2150E333-8FDC-42A3-9474-1A3956D46DE8}") = "Day3", "Day3", "{4817F30D-3571-4BD8-85AC-AE7C8D6D30A2}"
EndProject
Project("{9A19103F-16F7-4668-BE54-9A1E7A4F7556}") = "Day3_1", "Day3_1\Day3_1.csproj", "{63FB05F6-177D-47E1-B823-E815E140DB4C}"
EndProject
Project("{9A19103F-16F7-4668-BE54-9A1E7A4F7556}") = "Day3_2", "Day3_2\Day3_2.csproj", "{BB6D7586-A37D-4285-A504-C75AA9A55537}"
EndProject
Project("{2150E333-8FDC-42A3-9474-1A3956D46DE8}") = "Day4", "Day4", "{0C5F95B1-7BEE-498D-A74F-EDABC8705298}"
EndProject
Project("{9A19103F-16F7-4668-BE54-9A1E7A4F7556}") = "Day4_1", "Day4_1\Day4_1.csproj", "{50858425-2D7D-4462-A6B3-89F30C8160DE}"
EndProject
Project("{9A19103F-16F7-4668-BE54-9A1E7A4F7556}") = "Day4_2", "Day4_2\Day4_2.csproj", "{2139A267-CAFA-40E4-8FC5-02D17BE6DF1E}"
EndProject
Project("{2150E333-8FDC-42A3-9474-1A3956D46DE8}") = "Day5", "Day5", "{86FB012D-866C-416E-8F6E-A43F08A5B8F0}"
EndProject
Project("{2150E333-8FDC-42A3-9474-1A3956D46DE8}") = "Day6", "Day6", "{EF1588D2-B569-4ABE-819D-B1F6B06CC489}"
EndProject
Project("{2150E333-8FDC-42A3-9474-1A3956D46DE8}") = "Day7", "Day7", "{078059E7-E075-47F6-9204-08F17C5969FD}"
EndProject
Project("{9A19103F-16F7-4668-BE54-9A1E7A4F7556}") = "Day5_1", "Day5_1\Day5_1.csproj", "{931A75E0-14EB-4E3A-B307-44277EDE1311}"
EndProject
Project("{9A19103F-16F7-4668-BE54-9A1E7A4F7556}") = "Day5_2", "Day5_2\Day5_2.csproj", "{108B864D-61D8-40EC-BFAE-B97561360CF3}"
EndProject
Project("{9A19103F-16F7-4668-BE54-9A1E7A4F7556}") = "Day6_1", "Day6_1\Day6_1.csproj", "{AE18A37A-08FD-46C0-BC9B-63FA0EFF2322}"
EndProject
Project("{9A19103F-16F7-4668-BE54-9A1E7A4F7556}") = "Day6_2", "Day6_2\Day6_2.csproj", "{C5068BEC-4ADB-4279-B366-8D42D1B4C0D5}"
EndProject
Project("{9A19103F-16F7-4668-BE54-9A1E7A4F7556}") = "Day7_1", "Day7_1\Day7_1.csproj", "{F340ECA3-C2BC-4E28-B75E-C6DAE1E6FB06}"
EndProject
Project("{9A19103F-16F7-4668-BE54-9A1E7A4F7556}") = "Day7_2", "Day7_2\Day7_2.csproj", "{EA3E63C2-D03F-4C26-A731-67322A5F5E19}"
EndProject
Project("{2150E333-8FDC-42A3-9474-1A3956D46DE8}") = "Day8", "Day8", "{E6905D1B-42F6-4F8A-B3B3-0AD88832E4BF}"
EndProject
Project("{9A19103F-16F7-4668-BE54-9A1E7A4F7556}") = "Day8_1", "Day8_1\Day8_1.csproj", "{FA96333C-6832-4A6A-A205-45D2E1FEBD74}"
EndProject
Project("{9A19103F-16F7-4668-BE54-9A1E7A4F7556}") = "Day8_2", "Day8_2\Day8_2.csproj", "{8B4C8371-ECE9-475E-90AE-998D50E3B009}"
EndProject
Project("{2150E333-8FDC-42A3-9474-1A3956D46DE8}") = "Day9", "Day9", "{DDB6B0E2-5930-4733-B5FE-FD6B0678106F}"
EndProject
Project("{9A19103F-16F7-4668-BE54-9A1E7A4F7556}") = "Day9_1", "Day9_1\Day9_1.csproj", "{101487B2-EBE7-4434-BCC9-1389B367F7DC}"
EndProject
Project("{9A19103F-16F7-4668-BE54-9A1E7A4F7556}") = "Day9_2", "Day9_2\Day9_2.csproj", "{5C5B344D-8029-4E1D-8AEB-46690FD832E1}"
EndProject
Project("{2150E333-8FDC-42A3-9474-1A3956D46DE8}") = "Day10", "Day10", "{643E47C8-A949-4EDF-8894-2537A8DEB04F}"
EndProject
Project("{9A19103F-16F7-4668-BE54-9A1E7A4F7556}") = "Day10_1", "Day10_1\Day10_1.csproj", "{E15827B4-C970-4295-98D9-A6FF724B3AAD}"
EndProject
Project("{9A19103F-16F7-4668-BE54-9A1E7A4F7556}") = "Day10_2", "Day10_2\Day10_2.csproj", "{53EAA19C-E3AC-4312-BC15-C3A6C075FE74}"
EndProject
Project("{2150E333-8FDC-42A3-9474-1A3956D46DE8}") = "Day11", "Day11", "{4F9F1F41-433B-4C3B-AD67-F74418C19CA3}"
EndProject
Project("{9A19103F-16F7-4668-BE54-9A1E7A4F7556}") = "Day11_1", "Day11_1\Day11_1.csproj", "{4D42C433-AD57-446B-A1B8-9B08DD884496}"
EndProject
Project("{9A19103F-16F7-4668-BE54-9A1E7A4F7556}") = "Day11_2", "Day11_2\Day11_2.csproj", "{71EF1B5E-08D5-4EF4-B3AC-80E560302642}"
EndProject
Project("{2150E333-8FDC-42A3-9474-1A3956D46DE8}") = "Day12", "Day12", "{2B2ED6B5-72AB-4D90-BCB0-27B658508C9D}"
EndProject
Project("{9A19103F-16F7-4668-BE54-9A1E7A4F7556}") = "Day12_1", "Day12_1\Day12_1.csproj", "{777113AD-5226-423B-BDBA-C636873CFAF7}"
EndProject
Project("{9A19103F-16F7-4668-BE54-9A1E7A4F7556}") = "Day12_2", "Day12_2\Day12_2.csproj", "{61249F01-8322-4880-9962-6675EFB2AA96}"
EndProject
Project("{2150E333-8FDC-42A3-9474-1A3956D46DE8}") = "Day13", "Day13", "{EF4BF5B5-4A05-40BE-9FC1-AF0B28622907}"
EndProject
Project("{9A19103F-16F7-4668-BE54-9A1E7A4F7556}") = "Day13_1", "Day13_1\Day13_1.csproj", "{9320259A-89DD-4DFC-9F8B-351ADD290FEA}"
EndProject
Project("{9A19103F-16F7-4668-BE54-9A1E7A4F7556}") = "Day13_2", "Day13_2\Day13_2.csproj", "{0541C67A-24A0-416A-ACCE-E5A4849F3F21}"
EndProject
Project("{2150E333-8FDC-42A3-9474-1A3956D46DE8}") = "Day14", "Day14", "{02CA14E3-241E-4DE8-A9C4-216C2EB2AC7F}"
EndProject
Project("{9A19103F-16F7-4668-BE54-9A1E7A4F7556}") = "Day14_1", "Day14_1\Day14_1.csproj", "{B6E18F2A-4B7E-4DDF-A9E0-C77938DCDB9D}"
EndProject
Project("{9A19103F-16F7-4668-BE54-9A1E7A4F7556}") = "Day14_2", "Day14_2\Day14_2.csproj", "{AB06CB7B-3F47-4F86-96A8-E77FDF895281}"
EndProject
Project("{2150E333-8FDC-42A3-9474-1A3956D46DE8}") = "Day15", "Day15", "{B2AD933B-6A73-4C58-861F-89763503296B}"
EndProject
Project("{FAE04EC0-301F-11D3-BF4B-00C04F79EFBC}") = "Day15_1", "Day15_1\Day15_1.csproj", "{E782FEEB-AE17-4663-AF96-56F0FFE38CC1}"
EndProject
Project("{FAE04EC0-301F-11D3-BF4B-00C04F79EFBC}") = "Day15_2", "Day15_2\Day15_2.csproj", "{3462F22C-31A4-4BA1-B19B-170F307252AB}"
EndProject
Project("{2150E333-8FDC-42A3-9474-1A3956D46DE8}") = "Day16", "Day16", "{220188D5-28B9-4238-9D95-082AAACE6D25}"
EndProject
Project("{2150E333-8FDC-42A3-9474-1A3956D46DE8}") = "Day17", "Day17", "{6FA1A6D0-D717-473D-B47E-B49E5D320AE8}"
EndProject
Project("{FAE04EC0-301F-11D3-BF4B-00C04F79EFBC}") = "Day16_1", "Day16_1\Day16_1.csproj", "{7491E6D4-D937-4CFB-82A2-38A0A8B91538}"
EndProject
Project("{FAE04EC0-301F-11D3-BF4B-00C04F79EFBC}") = "Day16_2", "Day16_2\Day16_2.csproj", "{E43D1A0F-6183-46B5-BFB0-7EDCC19246A1}"
EndProject
Project("{FAE04EC0-301F-11D3-BF4B-00C04F79EFBC}") = "Day17_1", "Day17_1\Day17_1.csproj", "{FDCE359F-11CE-455D-8B7B-0100481EA86A}"
EndProject
Project("{FAE04EC0-301F-11D3-BF4B-00C04F79EFBC}") = "Day17_2", "Day17_2\Day17_2.csproj", "{A5F31E25-A3E1-4891-9E79-5CFA9B367C2E}"
EndProject
Global
	GlobalSection(SolutionConfigurationPlatforms) = preSolution
		Debug|Any CPU = Debug|Any CPU
		Release|Any CPU = Release|Any CPU
	EndGlobalSection
	GlobalSection(ProjectConfigurationPlatforms) = postSolution
		{1FDFC926-0EA9-422F-A9A5-6287D5CF8581}.Debug|Any CPU.ActiveCfg = Debug|Any CPU
		{1FDFC926-0EA9-422F-A9A5-6287D5CF8581}.Debug|Any CPU.Build.0 = Debug|Any CPU
		{1FDFC926-0EA9-422F-A9A5-6287D5CF8581}.Release|Any CPU.ActiveCfg = Release|Any CPU
		{1FDFC926-0EA9-422F-A9A5-6287D5CF8581}.Release|Any CPU.Build.0 = Release|Any CPU
		{BB08F6A0-996F-4991-B4B8-F30A629DC4CC}.Debug|Any CPU.ActiveCfg = Debug|Any CPU
		{BB08F6A0-996F-4991-B4B8-F30A629DC4CC}.Debug|Any CPU.Build.0 = Debug|Any CPU
		{BB08F6A0-996F-4991-B4B8-F30A629DC4CC}.Release|Any CPU.ActiveCfg = Release|Any CPU
		{BB08F6A0-996F-4991-B4B8-F30A629DC4CC}.Release|Any CPU.Build.0 = Release|Any CPU
		{807DB430-BC60-433B-ADAE-E9C24809F3C3}.Debug|Any CPU.ActiveCfg = Debug|Any CPU
		{807DB430-BC60-433B-ADAE-E9C24809F3C3}.Debug|Any CPU.Build.0 = Debug|Any CPU
		{807DB430-BC60-433B-ADAE-E9C24809F3C3}.Release|Any CPU.ActiveCfg = Release|Any CPU
		{807DB430-BC60-433B-ADAE-E9C24809F3C3}.Release|Any CPU.Build.0 = Release|Any CPU
		{B4429329-05B6-4F99-AA56-F0C45C652506}.Debug|Any CPU.ActiveCfg = Debug|Any CPU
		{B4429329-05B6-4F99-AA56-F0C45C652506}.Debug|Any CPU.Build.0 = Debug|Any CPU
		{B4429329-05B6-4F99-AA56-F0C45C652506}.Release|Any CPU.ActiveCfg = Release|Any CPU
		{B4429329-05B6-4F99-AA56-F0C45C652506}.Release|Any CPU.Build.0 = Release|Any CPU
		{63FB05F6-177D-47E1-B823-E815E140DB4C}.Debug|Any CPU.ActiveCfg = Debug|Any CPU
		{63FB05F6-177D-47E1-B823-E815E140DB4C}.Debug|Any CPU.Build.0 = Debug|Any CPU
		{63FB05F6-177D-47E1-B823-E815E140DB4C}.Release|Any CPU.ActiveCfg = Release|Any CPU
		{63FB05F6-177D-47E1-B823-E815E140DB4C}.Release|Any CPU.Build.0 = Release|Any CPU
		{BB6D7586-A37D-4285-A504-C75AA9A55537}.Debug|Any CPU.ActiveCfg = Debug|Any CPU
		{BB6D7586-A37D-4285-A504-C75AA9A55537}.Debug|Any CPU.Build.0 = Debug|Any CPU
		{BB6D7586-A37D-4285-A504-C75AA9A55537}.Release|Any CPU.ActiveCfg = Release|Any CPU
		{BB6D7586-A37D-4285-A504-C75AA9A55537}.Release|Any CPU.Build.0 = Release|Any CPU
		{50858425-2D7D-4462-A6B3-89F30C8160DE}.Debug|Any CPU.ActiveCfg = Debug|Any CPU
		{50858425-2D7D-4462-A6B3-89F30C8160DE}.Debug|Any CPU.Build.0 = Debug|Any CPU
		{50858425-2D7D-4462-A6B3-89F30C8160DE}.Release|Any CPU.ActiveCfg = Release|Any CPU
		{50858425-2D7D-4462-A6B3-89F30C8160DE}.Release|Any CPU.Build.0 = Release|Any CPU
		{2139A267-CAFA-40E4-8FC5-02D17BE6DF1E}.Debug|Any CPU.ActiveCfg = Debug|Any CPU
		{2139A267-CAFA-40E4-8FC5-02D17BE6DF1E}.Debug|Any CPU.Build.0 = Debug|Any CPU
		{2139A267-CAFA-40E4-8FC5-02D17BE6DF1E}.Release|Any CPU.ActiveCfg = Release|Any CPU
		{2139A267-CAFA-40E4-8FC5-02D17BE6DF1E}.Release|Any CPU.Build.0 = Release|Any CPU
		{931A75E0-14EB-4E3A-B307-44277EDE1311}.Debug|Any CPU.ActiveCfg = Debug|Any CPU
		{931A75E0-14EB-4E3A-B307-44277EDE1311}.Debug|Any CPU.Build.0 = Debug|Any CPU
		{931A75E0-14EB-4E3A-B307-44277EDE1311}.Release|Any CPU.ActiveCfg = Release|Any CPU
		{931A75E0-14EB-4E3A-B307-44277EDE1311}.Release|Any CPU.Build.0 = Release|Any CPU
		{108B864D-61D8-40EC-BFAE-B97561360CF3}.Debug|Any CPU.ActiveCfg = Debug|Any CPU
		{108B864D-61D8-40EC-BFAE-B97561360CF3}.Debug|Any CPU.Build.0 = Debug|Any CPU
		{108B864D-61D8-40EC-BFAE-B97561360CF3}.Release|Any CPU.ActiveCfg = Release|Any CPU
		{108B864D-61D8-40EC-BFAE-B97561360CF3}.Release|Any CPU.Build.0 = Release|Any CPU
		{AE18A37A-08FD-46C0-BC9B-63FA0EFF2322}.Debug|Any CPU.ActiveCfg = Debug|Any CPU
		{AE18A37A-08FD-46C0-BC9B-63FA0EFF2322}.Debug|Any CPU.Build.0 = Debug|Any CPU
		{AE18A37A-08FD-46C0-BC9B-63FA0EFF2322}.Release|Any CPU.ActiveCfg = Release|Any CPU
		{AE18A37A-08FD-46C0-BC9B-63FA0EFF2322}.Release|Any CPU.Build.0 = Release|Any CPU
		{C5068BEC-4ADB-4279-B366-8D42D1B4C0D5}.Debug|Any CPU.ActiveCfg = Debug|Any CPU
		{C5068BEC-4ADB-4279-B366-8D42D1B4C0D5}.Debug|Any CPU.Build.0 = Debug|Any CPU
		{C5068BEC-4ADB-4279-B366-8D42D1B4C0D5}.Release|Any CPU.ActiveCfg = Release|Any CPU
		{C5068BEC-4ADB-4279-B366-8D42D1B4C0D5}.Release|Any CPU.Build.0 = Release|Any CPU
		{F340ECA3-C2BC-4E28-B75E-C6DAE1E6FB06}.Debug|Any CPU.ActiveCfg = Debug|Any CPU
		{F340ECA3-C2BC-4E28-B75E-C6DAE1E6FB06}.Debug|Any CPU.Build.0 = Debug|Any CPU
		{F340ECA3-C2BC-4E28-B75E-C6DAE1E6FB06}.Release|Any CPU.ActiveCfg = Release|Any CPU
		{F340ECA3-C2BC-4E28-B75E-C6DAE1E6FB06}.Release|Any CPU.Build.0 = Release|Any CPU
		{EA3E63C2-D03F-4C26-A731-67322A5F5E19}.Debug|Any CPU.ActiveCfg = Debug|Any CPU
		{EA3E63C2-D03F-4C26-A731-67322A5F5E19}.Debug|Any CPU.Build.0 = Debug|Any CPU
		{EA3E63C2-D03F-4C26-A731-67322A5F5E19}.Release|Any CPU.ActiveCfg = Release|Any CPU
		{EA3E63C2-D03F-4C26-A731-67322A5F5E19}.Release|Any CPU.Build.0 = Release|Any CPU
		{FA96333C-6832-4A6A-A205-45D2E1FEBD74}.Debug|Any CPU.ActiveCfg = Debug|Any CPU
		{FA96333C-6832-4A6A-A205-45D2E1FEBD74}.Debug|Any CPU.Build.0 = Debug|Any CPU
		{FA96333C-6832-4A6A-A205-45D2E1FEBD74}.Release|Any CPU.ActiveCfg = Release|Any CPU
		{FA96333C-6832-4A6A-A205-45D2E1FEBD74}.Release|Any CPU.Build.0 = Release|Any CPU
		{8B4C8371-ECE9-475E-90AE-998D50E3B009}.Debug|Any CPU.ActiveCfg = Debug|Any CPU
		{8B4C8371-ECE9-475E-90AE-998D50E3B009}.Debug|Any CPU.Build.0 = Debug|Any CPU
		{8B4C8371-ECE9-475E-90AE-998D50E3B009}.Release|Any CPU.ActiveCfg = Release|Any CPU
		{8B4C8371-ECE9-475E-90AE-998D50E3B009}.Release|Any CPU.Build.0 = Release|Any CPU
		{101487B2-EBE7-4434-BCC9-1389B367F7DC}.Debug|Any CPU.ActiveCfg = Debug|Any CPU
		{101487B2-EBE7-4434-BCC9-1389B367F7DC}.Debug|Any CPU.Build.0 = Debug|Any CPU
		{101487B2-EBE7-4434-BCC9-1389B367F7DC}.Release|Any CPU.ActiveCfg = Release|Any CPU
		{101487B2-EBE7-4434-BCC9-1389B367F7DC}.Release|Any CPU.Build.0 = Release|Any CPU
		{5C5B344D-8029-4E1D-8AEB-46690FD832E1}.Debug|Any CPU.ActiveCfg = Debug|Any CPU
		{5C5B344D-8029-4E1D-8AEB-46690FD832E1}.Debug|Any CPU.Build.0 = Debug|Any CPU
		{5C5B344D-8029-4E1D-8AEB-46690FD832E1}.Release|Any CPU.ActiveCfg = Release|Any CPU
		{5C5B344D-8029-4E1D-8AEB-46690FD832E1}.Release|Any CPU.Build.0 = Release|Any CPU
		{E15827B4-C970-4295-98D9-A6FF724B3AAD}.Debug|Any CPU.ActiveCfg = Debug|Any CPU
		{E15827B4-C970-4295-98D9-A6FF724B3AAD}.Debug|Any CPU.Build.0 = Debug|Any CPU
		{E15827B4-C970-4295-98D9-A6FF724B3AAD}.Release|Any CPU.ActiveCfg = Release|Any CPU
		{E15827B4-C970-4295-98D9-A6FF724B3AAD}.Release|Any CPU.Build.0 = Release|Any CPU
		{53EAA19C-E3AC-4312-BC15-C3A6C075FE74}.Debug|Any CPU.ActiveCfg = Debug|Any CPU
		{53EAA19C-E3AC-4312-BC15-C3A6C075FE74}.Debug|Any CPU.Build.0 = Debug|Any CPU
		{53EAA19C-E3AC-4312-BC15-C3A6C075FE74}.Release|Any CPU.ActiveCfg = Release|Any CPU
		{53EAA19C-E3AC-4312-BC15-C3A6C075FE74}.Release|Any CPU.Build.0 = Release|Any CPU
		{4D42C433-AD57-446B-A1B8-9B08DD884496}.Debug|Any CPU.ActiveCfg = Debug|Any CPU
		{4D42C433-AD57-446B-A1B8-9B08DD884496}.Debug|Any CPU.Build.0 = Debug|Any CPU
		{4D42C433-AD57-446B-A1B8-9B08DD884496}.Release|Any CPU.ActiveCfg = Release|Any CPU
		{4D42C433-AD57-446B-A1B8-9B08DD884496}.Release|Any CPU.Build.0 = Release|Any CPU
		{71EF1B5E-08D5-4EF4-B3AC-80E560302642}.Debug|Any CPU.ActiveCfg = Debug|Any CPU
		{71EF1B5E-08D5-4EF4-B3AC-80E560302642}.Debug|Any CPU.Build.0 = Debug|Any CPU
		{71EF1B5E-08D5-4EF4-B3AC-80E560302642}.Release|Any CPU.ActiveCfg = Release|Any CPU
		{71EF1B5E-08D5-4EF4-B3AC-80E560302642}.Release|Any CPU.Build.0 = Release|Any CPU
		{777113AD-5226-423B-BDBA-C636873CFAF7}.Debug|Any CPU.ActiveCfg = Debug|Any CPU
		{777113AD-5226-423B-BDBA-C636873CFAF7}.Debug|Any CPU.Build.0 = Debug|Any CPU
		{777113AD-5226-423B-BDBA-C636873CFAF7}.Release|Any CPU.ActiveCfg = Release|Any CPU
		{777113AD-5226-423B-BDBA-C636873CFAF7}.Release|Any CPU.Build.0 = Release|Any CPU
		{61249F01-8322-4880-9962-6675EFB2AA96}.Debug|Any CPU.ActiveCfg = Debug|Any CPU
		{61249F01-8322-4880-9962-6675EFB2AA96}.Debug|Any CPU.Build.0 = Debug|Any CPU
		{61249F01-8322-4880-9962-6675EFB2AA96}.Release|Any CPU.ActiveCfg = Release|Any CPU
		{61249F01-8322-4880-9962-6675EFB2AA96}.Release|Any CPU.Build.0 = Release|Any CPU
		{9320259A-89DD-4DFC-9F8B-351ADD290FEA}.Debug|Any CPU.ActiveCfg = Debug|Any CPU
		{9320259A-89DD-4DFC-9F8B-351ADD290FEA}.Debug|Any CPU.Build.0 = Debug|Any CPU
		{9320259A-89DD-4DFC-9F8B-351ADD290FEA}.Release|Any CPU.ActiveCfg = Release|Any CPU
		{9320259A-89DD-4DFC-9F8B-351ADD290FEA}.Release|Any CPU.Build.0 = Release|Any CPU
		{0541C67A-24A0-416A-ACCE-E5A4849F3F21}.Debug|Any CPU.ActiveCfg = Debug|Any CPU
		{0541C67A-24A0-416A-ACCE-E5A4849F3F21}.Debug|Any CPU.Build.0 = Debug|Any CPU
		{0541C67A-24A0-416A-ACCE-E5A4849F3F21}.Release|Any CPU.ActiveCfg = Release|Any CPU
		{0541C67A-24A0-416A-ACCE-E5A4849F3F21}.Release|Any CPU.Build.0 = Release|Any CPU
		{B6E18F2A-4B7E-4DDF-A9E0-C77938DCDB9D}.Debug|Any CPU.ActiveCfg = Debug|Any CPU
		{B6E18F2A-4B7E-4DDF-A9E0-C77938DCDB9D}.Debug|Any CPU.Build.0 = Debug|Any CPU
		{B6E18F2A-4B7E-4DDF-A9E0-C77938DCDB9D}.Release|Any CPU.ActiveCfg = Release|Any CPU
		{B6E18F2A-4B7E-4DDF-A9E0-C77938DCDB9D}.Release|Any CPU.Build.0 = Release|Any CPU
		{AB06CB7B-3F47-4F86-96A8-E77FDF895281}.Debug|Any CPU.ActiveCfg = Debug|Any CPU
		{AB06CB7B-3F47-4F86-96A8-E77FDF895281}.Debug|Any CPU.Build.0 = Debug|Any CPU
		{AB06CB7B-3F47-4F86-96A8-E77FDF895281}.Release|Any CPU.ActiveCfg = Release|Any CPU
		{AB06CB7B-3F47-4F86-96A8-E77FDF895281}.Release|Any CPU.Build.0 = Release|Any CPU
		{E782FEEB-AE17-4663-AF96-56F0FFE38CC1}.Debug|Any CPU.ActiveCfg = Debug|Any CPU
		{E782FEEB-AE17-4663-AF96-56F0FFE38CC1}.Debug|Any CPU.Build.0 = Debug|Any CPU
		{E782FEEB-AE17-4663-AF96-56F0FFE38CC1}.Release|Any CPU.ActiveCfg = Release|Any CPU
		{E782FEEB-AE17-4663-AF96-56F0FFE38CC1}.Release|Any CPU.Build.0 = Release|Any CPU
		{3462F22C-31A4-4BA1-B19B-170F307252AB}.Debug|Any CPU.ActiveCfg = Debug|Any CPU
		{3462F22C-31A4-4BA1-B19B-170F307252AB}.Debug|Any CPU.Build.0 = Debug|Any CPU
		{3462F22C-31A4-4BA1-B19B-170F307252AB}.Release|Any CPU.ActiveCfg = Release|Any CPU
		{3462F22C-31A4-4BA1-B19B-170F307252AB}.Release|Any CPU.Build.0 = Release|Any CPU
		{7491E6D4-D937-4CFB-82A2-38A0A8B91538}.Debug|Any CPU.ActiveCfg = Debug|Any CPU
		{7491E6D4-D937-4CFB-82A2-38A0A8B91538}.Debug|Any CPU.Build.0 = Debug|Any CPU
		{7491E6D4-D937-4CFB-82A2-38A0A8B91538}.Release|Any CPU.ActiveCfg = Release|Any CPU
		{7491E6D4-D937-4CFB-82A2-38A0A8B91538}.Release|Any CPU.Build.0 = Release|Any CPU
		{E43D1A0F-6183-46B5-BFB0-7EDCC19246A1}.Debug|Any CPU.ActiveCfg = Debug|Any CPU
		{E43D1A0F-6183-46B5-BFB0-7EDCC19246A1}.Debug|Any CPU.Build.0 = Debug|Any CPU
		{E43D1A0F-6183-46B5-BFB0-7EDCC19246A1}.Release|Any CPU.ActiveCfg = Release|Any CPU
		{E43D1A0F-6183-46B5-BFB0-7EDCC19246A1}.Release|Any CPU.Build.0 = Release|Any CPU
		{FDCE359F-11CE-455D-8B7B-0100481EA86A}.Debug|Any CPU.ActiveCfg = Debug|Any CPU
		{FDCE359F-11CE-455D-8B7B-0100481EA86A}.Debug|Any CPU.Build.0 = Debug|Any CPU
		{FDCE359F-11CE-455D-8B7B-0100481EA86A}.Release|Any CPU.ActiveCfg = Release|Any CPU
		{FDCE359F-11CE-455D-8B7B-0100481EA86A}.Release|Any CPU.Build.0 = Release|Any CPU
		{A5F31E25-A3E1-4891-9E79-5CFA9B367C2E}.Debug|Any CPU.ActiveCfg = Debug|Any CPU
		{A5F31E25-A3E1-4891-9E79-5CFA9B367C2E}.Debug|Any CPU.Build.0 = Debug|Any CPU
		{A5F31E25-A3E1-4891-9E79-5CFA9B367C2E}.Release|Any CPU.ActiveCfg = Release|Any CPU
		{A5F31E25-A3E1-4891-9E79-5CFA9B367C2E}.Release|Any CPU.Build.0 = Release|Any CPU
	EndGlobalSection
	GlobalSection(SolutionProperties) = preSolution
		HideSolutionNode = FALSE
	EndGlobalSection
	GlobalSection(NestedProjects) = preSolution
		{1FDFC926-0EA9-422F-A9A5-6287D5CF8581} = {7F3D33B6-493D-4FDD-BD3B-2A0DFB89E777}
		{BB08F6A0-996F-4991-B4B8-F30A629DC4CC} = {7F3D33B6-493D-4FDD-BD3B-2A0DFB89E777}
		{807DB430-BC60-433B-ADAE-E9C24809F3C3} = {08869EFD-7F1A-4C51-9C63-E06B089560DC}
		{B4429329-05B6-4F99-AA56-F0C45C652506} = {08869EFD-7F1A-4C51-9C63-E06B089560DC}
		{63FB05F6-177D-47E1-B823-E815E140DB4C} = {4817F30D-3571-4BD8-85AC-AE7C8D6D30A2}
		{BB6D7586-A37D-4285-A504-C75AA9A55537} = {4817F30D-3571-4BD8-85AC-AE7C8D6D30A2}
		{50858425-2D7D-4462-A6B3-89F30C8160DE} = {0C5F95B1-7BEE-498D-A74F-EDABC8705298}
		{2139A267-CAFA-40E4-8FC5-02D17BE6DF1E} = {0C5F95B1-7BEE-498D-A74F-EDABC8705298}
		{931A75E0-14EB-4E3A-B307-44277EDE1311} = {86FB012D-866C-416E-8F6E-A43F08A5B8F0}
		{108B864D-61D8-40EC-BFAE-B97561360CF3} = {86FB012D-866C-416E-8F6E-A43F08A5B8F0}
		{AE18A37A-08FD-46C0-BC9B-63FA0EFF2322} = {EF1588D2-B569-4ABE-819D-B1F6B06CC489}
		{C5068BEC-4ADB-4279-B366-8D42D1B4C0D5} = {EF1588D2-B569-4ABE-819D-B1F6B06CC489}
		{F340ECA3-C2BC-4E28-B75E-C6DAE1E6FB06} = {078059E7-E075-47F6-9204-08F17C5969FD}
		{EA3E63C2-D03F-4C26-A731-67322A5F5E19} = {078059E7-E075-47F6-9204-08F17C5969FD}
		{FA96333C-6832-4A6A-A205-45D2E1FEBD74} = {E6905D1B-42F6-4F8A-B3B3-0AD88832E4BF}
		{8B4C8371-ECE9-475E-90AE-998D50E3B009} = {E6905D1B-42F6-4F8A-B3B3-0AD88832E4BF}
		{101487B2-EBE7-4434-BCC9-1389B367F7DC} = {DDB6B0E2-5930-4733-B5FE-FD6B0678106F}
		{5C5B344D-8029-4E1D-8AEB-46690FD832E1} = {DDB6B0E2-5930-4733-B5FE-FD6B0678106F}
		{E15827B4-C970-4295-98D9-A6FF724B3AAD} = {643E47C8-A949-4EDF-8894-2537A8DEB04F}
		{53EAA19C-E3AC-4312-BC15-C3A6C075FE74} = {643E47C8-A949-4EDF-8894-2537A8DEB04F}
		{4D42C433-AD57-446B-A1B8-9B08DD884496} = {4F9F1F41-433B-4C3B-AD67-F74418C19CA3}
		{71EF1B5E-08D5-4EF4-B3AC-80E560302642} = {4F9F1F41-433B-4C3B-AD67-F74418C19CA3}
		{777113AD-5226-423B-BDBA-C636873CFAF7} = {2B2ED6B5-72AB-4D90-BCB0-27B658508C9D}
		{61249F01-8322-4880-9962-6675EFB2AA96} = {2B2ED6B5-72AB-4D90-BCB0-27B658508C9D}
		{9320259A-89DD-4DFC-9F8B-351ADD290FEA} = {EF4BF5B5-4A05-40BE-9FC1-AF0B28622907}
		{0541C67A-24A0-416A-ACCE-E5A4849F3F21} = {EF4BF5B5-4A05-40BE-9FC1-AF0B28622907}
		{B6E18F2A-4B7E-4DDF-A9E0-C77938DCDB9D} = {02CA14E3-241E-4DE8-A9C4-216C2EB2AC7F}
		{AB06CB7B-3F47-4F86-96A8-E77FDF895281} = {02CA14E3-241E-4DE8-A9C4-216C2EB2AC7F}
		{E782FEEB-AE17-4663-AF96-56F0FFE38CC1} = {B2AD933B-6A73-4C58-861F-89763503296B}
		{3462F22C-31A4-4BA1-B19B-170F307252AB} = {B2AD933B-6A73-4C58-861F-89763503296B}
		{7491E6D4-D937-4CFB-82A2-38A0A8B91538} = {220188D5-28B9-4238-9D95-082AAACE6D25}
		{E43D1A0F-6183-46B5-BFB0-7EDCC19246A1} = {220188D5-28B9-4238-9D95-082AAACE6D25}
		{FDCE359F-11CE-455D-8B7B-0100481EA86A} = {6FA1A6D0-D717-473D-B47E-B49E5D320AE8}
		{A5F31E25-A3E1-4891-9E79-5CFA9B367C2E} = {6FA1A6D0-D717-473D-B47E-B49E5D320AE8}
	EndGlobalSection
	GlobalSection(ExtensibilityGlobals) = postSolution
		SolutionGuid = {2298D6D7-4A99-4D14-90C6-7D31757D6D6E}
	EndGlobalSection
EndGlobal
